
Microsoft Visual Studio Solution File, Format Version 12.00
# Visual Studio Version 17
VisualStudioVersion = 17.4.33205.214
MinimumVisualStudioVersion = 10.0.40219.1
Project("{2150E333-8FDC-42A3-9474-1A3956D46DE8}") = "0", "0", "{B507F440-71AA-4351-ACF4-7B9AEF864E91}"
EndProject
Project("{2150E333-8FDC-42A3-9474-1A3956D46DE8}") = "1", "1", "{CC3BFF20-9346-49EE-B184-BB1B8F3DCC16}"
EndProject
Project("{2150E333-8FDC-42A3-9474-1A3956D46DE8}") = "2", "2", "{75EE5A2B-E341-4F49-A77B-8E57018ACA04}"
EndProject
Project("{2150E333-8FDC-42A3-9474-1A3956D46DE8}") = "3", "3", "{4A3DD791-0A19-47C3-98F4-50E3DB366C32}"
EndProject
Project("{2150E333-8FDC-42A3-9474-1A3956D46DE8}") = "4", "4", "{25F2103C-133F-42B7-BFA1-94887915E905}"
EndProject
Global
	GlobalSection(SolutionProperties) = preSolution
		HideSolutionNode = FALSE
	EndGlobalSection
	GlobalSection(ExtensibilityGlobals) = postSolution
		SolutionGuid = {82686F8F-1CAC-458C-9E48-087F2CDA1E23}
	EndGlobalSection
EndGlobal
