
Microsoft Visual Studio Solution File, Format Version 12.00
# Visual Studio Version 17
VisualStudioVersion = 17.3.32922.545
MinimumVisualStudioVersion = 10.0.40219.1
Project("{FAE04EC0-301F-11D3-BF4B-00C04F79EFBC}") = "ConsumoPersistenciaAPISiconfi", "ConsumoPersistenciaAPISiconfi\ConsumoPersistenciaAPISiconfi.csproj", "{EB6E3912-5D95-4271-BE0E-5E3BBF94E4BA}"
EndProject
Global
	GlobalSection(SolutionConfigurationPlatforms) = preSolution
		Debug|Any CPU = Debug|Any CPU
		Release|Any CPU = Release|Any CPU
	EndGlobalSection
	GlobalSection(ProjectConfigurationPlatforms) = postSolution
		{EB6E3912-5D95-4271-BE0E-5E3BBF94E4BA}.Debug|Any CPU.ActiveCfg = Debug|Any CPU
		{EB6E3912-5D95-4271-BE0E-5E3BBF94E4BA}.Debug|Any CPU.Build.0 = Debug|Any CPU
		{EB6E3912-5D95-4271-BE0E-5E3BBF94E4BA}.Release|Any CPU.ActiveCfg = Release|Any CPU
		{EB6E3912-5D95-4271-BE0E-5E3BBF94E4BA}.Release|Any CPU.Build.0 = Release|Any CPU
	EndGlobalSection
	GlobalSection(SolutionProperties) = preSolution
		HideSolutionNode = FALSE
	EndGlobalSection
	GlobalSection(ExtensibilityGlobals) = postSolution
		SolutionGuid = {ABDE51CB-076F-44D3-B275-7EBB4DA1A233}
	EndGlobalSection
EndGlobal
